
Microsoft Visual Studio Solution File, Format Version 12.00
# Visual Studio Version 17
VisualStudioVersion = 17.0.31903.59
MinimumVisualStudioVersion = 10.0.40219.1
Project("{FAE04EC0-301F-11D3-BF4B-00C04F79EFBC}") = "Estructuras app", "Estructuras app\Estructuras app.csproj", "{4A1620DA-0E61-4845-9D8E-7F7D9C53D17A}"
EndProject
Project("{FAE04EC0-301F-11D3-BF4B-00C04F79EFBC}") = "PRACTICO EXPERIMENTAL", "PRACTICO EXPERIMENTAL\PRACTICO EXPERIMENTAL.csproj", "{B717540B-80D6-4260-BD06-4F61F4CC6AE8}"
EndProject
Project("{FAE04EC0-301F-11D3-BF4B-00C04F79EFBC}") = "TAREA SEMANA 5", "TAREA SEMANA 5\TAREA SEMANA 5.csproj", "{7C8F97F4-84DD-483D-AE2D-7CB90D18308E}"
EndProject
Project("{FAE04EC0-301F-11D3-BF4B-00C04F79EFBC}") = "SEMANA 6", "SEMANA 6\SEMANA 6.csproj", "{B9F1FF25-781E-409B-8D75-25268D8CF70F}"
EndProject
Project("{FAE04EC0-301F-11D3-BF4B-00C04F79EFBC}") = "SEMANA 7", "SEMANA 7\SEMANA 7.csproj", "{DE630F04-A962-4664-867C-B0C299BC938E}"
EndProject
Project("{FAE04EC0-301F-11D3-BF4B-00C04F79EFBC}") = "CPE 2", "CPE 2\CPE 2.csproj", "{896BEBA1-9398-46B7-9465-A244A768DFD6}"
EndProject
Project("{FAE04EC0-301F-11D3-BF4B-00C04F79EFBC}") = "SEMANA 9", "SEMANA 9\SEMANA 9.csproj", "{922A16C1-FD01-42E8-89DD-EC0ECAD2ACEA}"
EndProject
Project("{FAE04EC0-301F-11D3-BF4B-00C04F79EFBC}") = "SEMANA 10", "SEMANA 10\SEMANA 10.csproj", "{3D32A2AB-9827-45CE-A733-703CCF969A1D}"
EndProject
Project("{FAE04EC0-301F-11D3-BF4B-00C04F79EFBC}") = "SEMANA 11", "SEMANA 11\SEMANA 11.csproj", "{E8FE75A9-365D-493A-9950-9E3D9FF3044F}"
EndProject
Project("{FAE04EC0-301F-11D3-BF4B-00C04F79EFBC}") = "CPE 3", "CPE 3\CPE 3.csproj", "{C29A33FF-C0A1-4818-B7B9-E34A393CD4AB}"
EndProject
Project("{FAE04EC0-301F-11D3-BF4B-00C04F79EFBC}") = "SEMANA 13", "SEMANA 13\SEMANA 13.csproj", "{34606961-0FFD-4806-82B5-0BC951332F20}"
EndProject
Project("{FAE04EC0-301F-11D3-BF4B-00C04F79EFBC}") = "CPE 4", "CPE 4\CPE 4.csproj", "{606695E1-14B2-413E-989A-962B0FE1F751}"
EndProject
Global
	GlobalSection(SolutionConfigurationPlatforms) = preSolution
		Debug|Any CPU = Debug|Any CPU
		Debug|x64 = Debug|x64
		Debug|x86 = Debug|x86
		Release|Any CPU = Release|Any CPU
		Release|x64 = Release|x64
		Release|x86 = Release|x86
	EndGlobalSection
	GlobalSection(ProjectConfigurationPlatforms) = postSolution
		{4A1620DA-0E61-4845-9D8E-7F7D9C53D17A}.Debug|Any CPU.ActiveCfg = Debug|Any CPU
		{4A1620DA-0E61-4845-9D8E-7F7D9C53D17A}.Debug|Any CPU.Build.0 = Debug|Any CPU
		{4A1620DA-0E61-4845-9D8E-7F7D9C53D17A}.Debug|x64.ActiveCfg = Debug|Any CPU
		{4A1620DA-0E61-4845-9D8E-7F7D9C53D17A}.Debug|x64.Build.0 = Debug|Any CPU
		{4A1620DA-0E61-4845-9D8E-7F7D9C53D17A}.Debug|x86.ActiveCfg = Debug|Any CPU
		{4A1620DA-0E61-4845-9D8E-7F7D9C53D17A}.Debug|x86.Build.0 = Debug|Any CPU
		{4A1620DA-0E61-4845-9D8E-7F7D9C53D17A}.Release|Any CPU.ActiveCfg = Release|Any CPU
		{4A1620DA-0E61-4845-9D8E-7F7D9C53D17A}.Release|Any CPU.Build.0 = Release|Any CPU
		{4A1620DA-0E61-4845-9D8E-7F7D9C53D17A}.Release|x64.ActiveCfg = Release|Any CPU
		{4A1620DA-0E61-4845-9D8E-7F7D9C53D17A}.Release|x64.Build.0 = Release|Any CPU
		{4A1620DA-0E61-4845-9D8E-7F7D9C53D17A}.Release|x86.ActiveCfg = Release|Any CPU
		{4A1620DA-0E61-4845-9D8E-7F7D9C53D17A}.Release|x86.Build.0 = Release|Any CPU
		{B717540B-80D6-4260-BD06-4F61F4CC6AE8}.Debug|Any CPU.ActiveCfg = Debug|Any CPU
		{B717540B-80D6-4260-BD06-4F61F4CC6AE8}.Debug|Any CPU.Build.0 = Debug|Any CPU
		{B717540B-80D6-4260-BD06-4F61F4CC6AE8}.Debug|x64.ActiveCfg = Debug|Any CPU
		{B717540B-80D6-4260-BD06-4F61F4CC6AE8}.Debug|x64.Build.0 = Debug|Any CPU
		{B717540B-80D6-4260-BD06-4F61F4CC6AE8}.Debug|x86.ActiveCfg = Debug|Any CPU
		{B717540B-80D6-4260-BD06-4F61F4CC6AE8}.Debug|x86.Build.0 = Debug|Any CPU
		{B717540B-80D6-4260-BD06-4F61F4CC6AE8}.Release|Any CPU.ActiveCfg = Release|Any CPU
		{B717540B-80D6-4260-BD06-4F61F4CC6AE8}.Release|Any CPU.Build.0 = Release|Any CPU
		{B717540B-80D6-4260-BD06-4F61F4CC6AE8}.Release|x64.ActiveCfg = Release|Any CPU
		{B717540B-80D6-4260-BD06-4F61F4CC6AE8}.Release|x64.Build.0 = Release|Any CPU
		{B717540B-80D6-4260-BD06-4F61F4CC6AE8}.Release|x86.ActiveCfg = Release|Any CPU
		{B717540B-80D6-4260-BD06-4F61F4CC6AE8}.Release|x86.Build.0 = Release|Any CPU
		{7C8F97F4-84DD-483D-AE2D-7CB90D18308E}.Debug|Any CPU.ActiveCfg = Debug|Any CPU
		{7C8F97F4-84DD-483D-AE2D-7CB90D18308E}.Debug|Any CPU.Build.0 = Debug|Any CPU
		{7C8F97F4-84DD-483D-AE2D-7CB90D18308E}.Debug|x64.ActiveCfg = Debug|Any CPU
		{7C8F97F4-84DD-483D-AE2D-7CB90D18308E}.Debug|x64.Build.0 = Debug|Any CPU
		{7C8F97F4-84DD-483D-AE2D-7CB90D18308E}.Debug|x86.ActiveCfg = Debug|Any CPU
		{7C8F97F4-84DD-483D-AE2D-7CB90D18308E}.Debug|x86.Build.0 = Debug|Any CPU
		{7C8F97F4-84DD-483D-AE2D-7CB90D18308E}.Release|Any CPU.ActiveCfg = Release|Any CPU
		{7C8F97F4-84DD-483D-AE2D-7CB90D18308E}.Release|Any CPU.Build.0 = Release|Any CPU
		{7C8F97F4-84DD-483D-AE2D-7CB90D18308E}.Release|x64.ActiveCfg = Release|Any CPU
		{7C8F97F4-84DD-483D-AE2D-7CB90D18308E}.Release|x64.Build.0 = Release|Any CPU
		{7C8F97F4-84DD-483D-AE2D-7CB90D18308E}.Release|x86.ActiveCfg = Release|Any CPU
		{7C8F97F4-84DD-483D-AE2D-7CB90D18308E}.Release|x86.Build.0 = Release|Any CPU
		{B9F1FF25-781E-409B-8D75-25268D8CF70F}.Debug|Any CPU.ActiveCfg = Debug|Any CPU
		{B9F1FF25-781E-409B-8D75-25268D8CF70F}.Debug|Any CPU.Build.0 = Debug|Any CPU
		{B9F1FF25-781E-409B-8D75-25268D8CF70F}.Debug|x64.ActiveCfg = Debug|Any CPU
		{B9F1FF25-781E-409B-8D75-25268D8CF70F}.Debug|x64.Build.0 = Debug|Any CPU
		{B9F1FF25-781E-409B-8D75-25268D8CF70F}.Debug|x86.ActiveCfg = Debug|Any CPU
		{B9F1FF25-781E-409B-8D75-25268D8CF70F}.Debug|x86.Build.0 = Debug|Any CPU
		{B9F1FF25-781E-409B-8D75-25268D8CF70F}.Release|Any CPU.ActiveCfg = Release|Any CPU
		{B9F1FF25-781E-409B-8D75-25268D8CF70F}.Release|Any CPU.Build.0 = Release|Any CPU
		{B9F1FF25-781E-409B-8D75-25268D8CF70F}.Release|x64.ActiveCfg = Release|Any CPU
		{B9F1FF25-781E-409B-8D75-25268D8CF70F}.Release|x64.Build.0 = Release|Any CPU
		{B9F1FF25-781E-409B-8D75-25268D8CF70F}.Release|x86.ActiveCfg = Release|Any CPU
		{B9F1FF25-781E-409B-8D75-25268D8CF70F}.Release|x86.Build.0 = Release|Any CPU
		{DE630F04-A962-4664-867C-B0C299BC938E}.Debug|Any CPU.ActiveCfg = Debug|Any CPU
		{DE630F04-A962-4664-867C-B0C299BC938E}.Debug|Any CPU.Build.0 = Debug|Any CPU
		{DE630F04-A962-4664-867C-B0C299BC938E}.Debug|x64.ActiveCfg = Debug|Any CPU
		{DE630F04-A962-4664-867C-B0C299BC938E}.Debug|x64.Build.0 = Debug|Any CPU
		{DE630F04-A962-4664-867C-B0C299BC938E}.Debug|x86.ActiveCfg = Debug|Any CPU
		{DE630F04-A962-4664-867C-B0C299BC938E}.Debug|x86.Build.0 = Debug|Any CPU
		{DE630F04-A962-4664-867C-B0C299BC938E}.Release|Any CPU.ActiveCfg = Release|Any CPU
		{DE630F04-A962-4664-867C-B0C299BC938E}.Release|Any CPU.Build.0 = Release|Any CPU
		{DE630F04-A962-4664-867C-B0C299BC938E}.Release|x64.ActiveCfg = Release|Any CPU
		{DE630F04-A962-4664-867C-B0C299BC938E}.Release|x64.Build.0 = Release|Any CPU
		{DE630F04-A962-4664-867C-B0C299BC938E}.Release|x86.ActiveCfg = Release|Any CPU
		{DE630F04-A962-4664-867C-B0C299BC938E}.Release|x86.Build.0 = Release|Any CPU
		{896BEBA1-9398-46B7-9465-A244A768DFD6}.Debug|Any CPU.ActiveCfg = Debug|Any CPU
		{896BEBA1-9398-46B7-9465-A244A768DFD6}.Debug|Any CPU.Build.0 = Debug|Any CPU
		{896BEBA1-9398-46B7-9465-A244A768DFD6}.Debug|x64.ActiveCfg = Debug|Any CPU
		{896BEBA1-9398-46B7-9465-A244A768DFD6}.Debug|x64.Build.0 = Debug|Any CPU
		{896BEBA1-9398-46B7-9465-A244A768DFD6}.Debug|x86.ActiveCfg = Debug|Any CPU
		{896BEBA1-9398-46B7-9465-A244A768DFD6}.Debug|x86.Build.0 = Debug|Any CPU
		{896BEBA1-9398-46B7-9465-A244A768DFD6}.Release|Any CPU.ActiveCfg = Release|Any CPU
		{896BEBA1-9398-46B7-9465-A244A768DFD6}.Release|Any CPU.Build.0 = Release|Any CPU
		{896BEBA1-9398-46B7-9465-A244A768DFD6}.Release|x64.ActiveCfg = Release|Any CPU
		{896BEBA1-9398-46B7-9465-A244A768DFD6}.Release|x64.Build.0 = Release|Any CPU
		{896BEBA1-9398-46B7-9465-A244A768DFD6}.Release|x86.ActiveCfg = Release|Any CPU
		{896BEBA1-9398-46B7-9465-A244A768DFD6}.Release|x86.Build.0 = Release|Any CPU
		{922A16C1-FD01-42E8-89DD-EC0ECAD2ACEA}.Debug|Any CPU.ActiveCfg = Debug|Any CPU
		{922A16C1-FD01-42E8-89DD-EC0ECAD2ACEA}.Debug|Any CPU.Build.0 = Debug|Any CPU
		{922A16C1-FD01-42E8-89DD-EC0ECAD2ACEA}.Debug|x64.ActiveCfg = Debug|Any CPU
		{922A16C1-FD01-42E8-89DD-EC0ECAD2ACEA}.Debug|x64.Build.0 = Debug|Any CPU
		{922A16C1-FD01-42E8-89DD-EC0ECAD2ACEA}.Debug|x86.ActiveCfg = Debug|Any CPU
		{922A16C1-FD01-42E8-89DD-EC0ECAD2ACEA}.Debug|x86.Build.0 = Debug|Any CPU
		{922A16C1-FD01-42E8-89DD-EC0ECAD2ACEA}.Release|Any CPU.ActiveCfg = Release|Any CPU
		{922A16C1-FD01-42E8-89DD-EC0ECAD2ACEA}.Release|Any CPU.Build.0 = Release|Any CPU
		{922A16C1-FD01-42E8-89DD-EC0ECAD2ACEA}.Release|x64.ActiveCfg = Release|Any CPU
		{922A16C1-FD01-42E8-89DD-EC0ECAD2ACEA}.Release|x64.Build.0 = Release|Any CPU
		{922A16C1-FD01-42E8-89DD-EC0ECAD2ACEA}.Release|x86.ActiveCfg = Release|Any CPU
		{922A16C1-FD01-42E8-89DD-EC0ECAD2ACEA}.Release|x86.Build.0 = Release|Any CPU
		{3D32A2AB-9827-45CE-A733-703CCF969A1D}.Debug|Any CPU.ActiveCfg = Debug|Any CPU
		{3D32A2AB-9827-45CE-A733-703CCF969A1D}.Debug|Any CPU.Build.0 = Debug|Any CPU
		{3D32A2AB-9827-45CE-A733-703CCF969A1D}.Debug|x64.ActiveCfg = Debug|Any CPU
		{3D32A2AB-9827-45CE-A733-703CCF969A1D}.Debug|x64.Build.0 = Debug|Any CPU
		{3D32A2AB-9827-45CE-A733-703CCF969A1D}.Debug|x86.ActiveCfg = Debug|Any CPU
		{3D32A2AB-9827-45CE-A733-703CCF969A1D}.Debug|x86.Build.0 = Debug|Any CPU
		{3D32A2AB-9827-45CE-A733-703CCF969A1D}.Release|Any CPU.ActiveCfg = Release|Any CPU
		{3D32A2AB-9827-45CE-A733-703CCF969A1D}.Release|Any CPU.Build.0 = Release|Any CPU
		{3D32A2AB-9827-45CE-A733-703CCF969A1D}.Release|x64.ActiveCfg = Release|Any CPU
		{3D32A2AB-9827-45CE-A733-703CCF969A1D}.Release|x64.Build.0 = Release|Any CPU
		{3D32A2AB-9827-45CE-A733-703CCF969A1D}.Release|x86.ActiveCfg = Release|Any CPU
		{3D32A2AB-9827-45CE-A733-703CCF969A1D}.Release|x86.Build.0 = Release|Any CPU
		{E8FE75A9-365D-493A-9950-9E3D9FF3044F}.Debug|Any CPU.ActiveCfg = Debug|Any CPU
		{E8FE75A9-365D-493A-9950-9E3D9FF3044F}.Debug|Any CPU.Build.0 = Debug|Any CPU
		{E8FE75A9-365D-493A-9950-9E3D9FF3044F}.Debug|x64.ActiveCfg = Debug|Any CPU
		{E8FE75A9-365D-493A-9950-9E3D9FF3044F}.Debug|x64.Build.0 = Debug|Any CPU
		{E8FE75A9-365D-493A-9950-9E3D9FF3044F}.Debug|x86.ActiveCfg = Debug|Any CPU
		{E8FE75A9-365D-493A-9950-9E3D9FF3044F}.Debug|x86.Build.0 = Debug|Any CPU
		{E8FE75A9-365D-493A-9950-9E3D9FF3044F}.Release|Any CPU.ActiveCfg = Release|Any CPU
		{E8FE75A9-365D-493A-9950-9E3D9FF3044F}.Release|Any CPU.Build.0 = Release|Any CPU
		{E8FE75A9-365D-493A-9950-9E3D9FF3044F}.Release|x64.ActiveCfg = Release|Any CPU
		{E8FE75A9-365D-493A-9950-9E3D9FF3044F}.Release|x64.Build.0 = Release|Any CPU
		{E8FE75A9-365D-493A-9950-9E3D9FF3044F}.Release|x86.ActiveCfg = Release|Any CPU
		{E8FE75A9-365D-493A-9950-9E3D9FF3044F}.Release|x86.Build.0 = Release|Any CPU
		{C29A33FF-C0A1-4818-B7B9-E34A393CD4AB}.Debug|Any CPU.ActiveCfg = Debug|Any CPU
		{C29A33FF-C0A1-4818-B7B9-E34A393CD4AB}.Debug|Any CPU.Build.0 = Debug|Any CPU
		{C29A33FF-C0A1-4818-B7B9-E34A393CD4AB}.Debug|x64.ActiveCfg = Debug|Any CPU
		{C29A33FF-C0A1-4818-B7B9-E34A393CD4AB}.Debug|x64.Build.0 = Debug|Any CPU
		{C29A33FF-C0A1-4818-B7B9-E34A393CD4AB}.Debug|x86.ActiveCfg = Debug|Any CPU
		{C29A33FF-C0A1-4818-B7B9-E34A393CD4AB}.Debug|x86.Build.0 = Debug|Any CPU
		{C29A33FF-C0A1-4818-B7B9-E34A393CD4AB}.Release|Any CPU.ActiveCfg = Release|Any CPU
		{C29A33FF-C0A1-4818-B7B9-E34A393CD4AB}.Release|Any CPU.Build.0 = Release|Any CPU
		{C29A33FF-C0A1-4818-B7B9-E34A393CD4AB}.Release|x64.ActiveCfg = Release|Any CPU
		{C29A33FF-C0A1-4818-B7B9-E34A393CD4AB}.Release|x64.Build.0 = Release|Any CPU
		{C29A33FF-C0A1-4818-B7B9-E34A393CD4AB}.Release|x86.ActiveCfg = Release|Any CPU
		{C29A33FF-C0A1-4818-B7B9-E34A393CD4AB}.Release|x86.Build.0 = Release|Any CPU
		{34606961-0FFD-4806-82B5-0BC951332F20}.Debug|Any CPU.ActiveCfg = Debug|Any CPU
		{34606961-0FFD-4806-82B5-0BC951332F20}.Debug|Any CPU.Build.0 = Debug|Any CPU
		{34606961-0FFD-4806-82B5-0BC951332F20}.Debug|x64.ActiveCfg = Debug|Any CPU
		{34606961-0FFD-4806-82B5-0BC951332F20}.Debug|x64.Build.0 = Debug|Any CPU
		{34606961-0FFD-4806-82B5-0BC951332F20}.Debug|x86.ActiveCfg = Debug|Any CPU
		{34606961-0FFD-4806-82B5-0BC951332F20}.Debug|x86.Build.0 = Debug|Any CPU
		{34606961-0FFD-4806-82B5-0BC951332F20}.Release|Any CPU.ActiveCfg = Release|Any CPU
		{34606961-0FFD-4806-82B5-0BC951332F20}.Release|Any CPU.Build.0 = Release|Any CPU
		{34606961-0FFD-4806-82B5-0BC951332F20}.Release|x64.ActiveCfg = Release|Any CPU
		{34606961-0FFD-4806-82B5-0BC951332F20}.Release|x64.Build.0 = Release|Any CPU
		{34606961-0FFD-4806-82B5-0BC951332F20}.Release|x86.ActiveCfg = Release|Any CPU
		{34606961-0FFD-4806-82B5-0BC951332F20}.Release|x86.Build.0 = Release|Any CPU
		{606695E1-14B2-413E-989A-962B0FE1F751}.Debug|Any CPU.ActiveCfg = Debug|Any CPU
		{606695E1-14B2-413E-989A-962B0FE1F751}.Debug|Any CPU.Build.0 = Debug|Any CPU
		{606695E1-14B2-413E-989A-962B0FE1F751}.Debug|x64.ActiveCfg = Debug|Any CPU
		{606695E1-14B2-413E-989A-962B0FE1F751}.Debug|x64.Build.0 = Debug|Any CPU
		{606695E1-14B2-413E-989A-962B0FE1F751}.Debug|x86.ActiveCfg = Debug|Any CPU
		{606695E1-14B2-413E-989A-962B0FE1F751}.Debug|x86.Build.0 = Debug|Any CPU
		{606695E1-14B2-413E-989A-962B0FE1F751}.Release|Any CPU.ActiveCfg = Release|Any CPU
		{606695E1-14B2-413E-989A-962B0FE1F751}.Release|Any CPU.Build.0 = Release|Any CPU
		{606695E1-14B2-413E-989A-962B0FE1F751}.Release|x64.ActiveCfg = Release|Any CPU
		{606695E1-14B2-413E-989A-962B0FE1F751}.Release|x64.Build.0 = Release|Any CPU
		{606695E1-14B2-413E-989A-962B0FE1F751}.Release|x86.ActiveCfg = Release|Any CPU
		{606695E1-14B2-413E-989A-962B0FE1F751}.Release|x86.Build.0 = Release|Any CPU
	EndGlobalSection
	GlobalSection(SolutionProperties) = preSolution
		HideSolutionNode = FALSE
	EndGlobalSection
EndGlobal
