Microsoft Visual Studio Solution File, Format Version 12.00
# Visual Studio Version 17
VisualStudioVersion = 17.5.2.0
MinimumVisualStudioVersion = 10.0.40219.1
Project("{FAE04EC0-301F-11D3-BF4B-00C04F79EFBC}") = "SEMANA 10", "SEMANA 10.csproj", "{D7711B39-B57E-5014-9F83-EFD29F85BE0A}"
EndProject
Global
	GlobalSection(SolutionConfigurationPlatforms) = preSolution
		Debug|Any CPU = Debug|Any CPU
		Release|Any CPU = Release|Any CPU
	EndGlobalSection
	GlobalSection(ProjectConfigurationPlatforms) = postSolution
		{D7711B39-B57E-5014-9F83-EFD29F85BE0A}.Debug|Any CPU.ActiveCfg = Debug|Any CPU
		{D7711B39-B57E-5014-9F83-EFD29F85BE0A}.Debug|Any CPU.Build.0 = Debug|Any CPU
		{D7711B39-B57E-5014-9F83-EFD29F85BE0A}.Release|Any CPU.ActiveCfg = Release|Any CPU
		{D7711B39-B57E-5014-9F83-EFD29F85BE0A}.Release|Any CPU.Build.0 = Release|Any CPU
	EndGlobalSection
	GlobalSection(SolutionProperties) = preSolution
		HideSolutionNode = FALSE
	EndGlobalSection
	GlobalSection(ExtensibilityGlobals) = postSolution
		SolutionGuid = {B507469F-7D02-4459-AE26-F16E4D1A498E}
	EndGlobalSection
EndGlobal
