Microsoft Visual Studio Solution File, Format Version 12.00
# Visual Studio Version 17
VisualStudioVersion = 17.5.2.0
MinimumVisualStudioVersion = 10.0.40219.1
Project("{FAE04EC0-301F-11D3-BF4B-00C04F79EFBC}") = "Estructuras app", "Estructuras app.csproj", "{CDD2AA9B-BC6F-0C23-C008-4A37536BAD5E}"
EndProject
Global
	GlobalSection(SolutionConfigurationPlatforms) = preSolution
		Debug|Any CPU = Debug|Any CPU
		Release|Any CPU = Release|Any CPU
	EndGlobalSection
	GlobalSection(ProjectConfigurationPlatforms) = postSolution
		{CDD2AA9B-BC6F-0C23-C008-4A37536BAD5E}.Debug|Any CPU.ActiveCfg = Debug|Any CPU
		{CDD2AA9B-BC6F-0C23-C008-4A37536BAD5E}.Debug|Any CPU.Build.0 = Debug|Any CPU
		{CDD2AA9B-BC6F-0C23-C008-4A37536BAD5E}.Release|Any CPU.ActiveCfg = Release|Any CPU
		{CDD2AA9B-BC6F-0C23-C008-4A37536BAD5E}.Release|Any CPU.Build.0 = Release|Any CPU
	EndGlobalSection
	GlobalSection(SolutionProperties) = preSolution
		HideSolutionNode = FALSE
	EndGlobalSection
	GlobalSection(ExtensibilityGlobals) = postSolution
		SolutionGuid = {E5D4BC70-FC90-439F-8E96-97A51C0EB974}
	EndGlobalSection
EndGlobal
